{
  "name": "peekmyagent",
  "version": "0.1.0-alpha.1",
  "lockfileVersion": 3,
  "requires": true,
  "packages": {
    "": {
      "name": "peekmyagent",
      "version": "0.1.0-alpha.1",
      "bin": {
        "peekmyagent": "bin/peekmyagent.mjs",
        "pma": "bin/peekmyagent.mjs"
      },
      "engines": {
        "node": ">=24.0.0"
      }
    }
  }
}
